{
  "name": "node-learning",
  "version": "1.0.0",
  "lockfileVersion": 1,
  "requires": true,
  "dependencies": {
    "array-flatten": {
      "version": "2.1.1",
      "resolved": "https://registry.npmjs.org/array-flatten/-/array-flatten-2.1.1.tgz",
      "integrity": "sha1-Qmu52oQJDBg42BLIFQryCoMx4pY="
    }
  }
}
